{
  "version": 4,
  "terraform_version": "0.12.25",
  "serial": 8,
  "lineage": "21ed497b-5d28-3d80-005e-98cbf643ce74",
  "outputs": {
    "instance-id": {
      "value": "i-08b5e9bb65241f77e",
      "type": "string"
    },
    "instance_ami": {
      "value": "ami-0323c3dd2da7fb37d",
      "type": "string"
    },
    "instance_key": {
      "value": "snehil-instance-key",
      "type": "string"
    },
    "instance_name": {
      "value": "instance-1",
      "type": "string"
    },
    "instance_subnet": {
      "value": "subnet-07c0564a",
      "type": "string"
    },
    "instance_type": {
      "value": "t2.micro",
      "type": "string"
    },
    "instance_vpc_id": {
      "value": "vpc-85d9caff",
      "type": "string"
    }
  },
  "resources": [
    {
      "mode": "managed",
      "type": "aws_instance",
      "name": "snehil-instance",
      "provider": "provider.aws",
      "instances": [
        {
          "schema_version": 1,
          "attributes": {
            "ami": "ami-0323c3dd2da7fb37d",
            "arn": "arn:aws:ec2:us-east-1:728693718523:instance/i-08b5e9bb65241f77e",
            "associate_public_ip_address": true,
            "availability_zone": "us-east-1b",
            "cpu_core_count": 1,
            "cpu_threads_per_core": 1,
            "credit_specification": [
              {
                "cpu_credits": "standard"
              }
            ],
            "disable_api_termination": false,
            "ebs_block_device": [],
            "ebs_optimized": false,
            "ephemeral_block_device": [],
            "get_password_data": false,
            "hibernation": false,
            "host_id": null,
            "iam_instance_profile": "",
            "id": "i-08b5e9bb65241f77e",
            "instance_initiated_shutdown_behavior": null,
            "instance_state": "running",
            "instance_type": "t2.micro",
            "ipv6_address_count": 0,
            "ipv6_addresses": [],
            "key_name": "snehil-instance-key",
            "metadata_options": [
              {
                "http_endpoint": "enabled",
                "http_put_response_hop_limit": 1,
                "http_tokens": "optional"
              }
            ],
            "monitoring": false,
            "network_interface": [],
            "network_interface_id": null,
            "outpost_arn": "",
            "password_data": "",
            "placement_group": "",
            "primary_network_interface_id": "eni-00730f317d388084f",
            "private_dns": "ip-172-31-28-251.ec2.internal",
            "private_ip": "172.31.28.251",
            "public_dns": "ec2-34-229-6-136.compute-1.amazonaws.com",
            "public_ip": "34.229.6.136",
            "root_block_device": [
              {
                "delete_on_termination": true,
                "device_name": "/dev/xvda",
                "encrypted": false,
                "iops": 100,
                "kms_key_id": "",
                "volume_id": "vol-0068114f59bf0c8e4",
                "volume_size": 8,
                "volume_type": "gp2"
              }
            ],
            "security_groups": [
              "default"
            ],
            "source_dest_check": true,
            "subnet_id": "subnet-07c0564a",
            "tags": {
              "Name": "instance-1"
            },
            "tenancy": "default",
            "timeouts": null,
            "user_data": null,
            "user_data_base64": "IyEvYmluL2Jhc2gKZXhwb3J0IFBBVEg9JFBBVEg6L3Vzci9sb2NhbC9iaW4Kd2hpY2ggaHR0cGQgPi9kZXYvbnVsbAppZiBbICQ/IC1uZSAwIF07CnRoZW4KICBlY2hvICdIVFRQRCBOT1QgUFJFU0VOVCcKICBpZiBbIC1uICIkKHdoaWNoIHl1bSkiIF07IAogIHRoZW4KICAgIHl1bSBpbnN0YWxsIC15IGh0dHBkCiAgZWxzZSAKICAgIGFwdC1nZXQgLXkgdXBkYXRlICYmIGFwdC1nZXQgLXkgaW5zdGFsbCBodHRwZAogIGZpCmVsc2UgCiAgZWNobyAnSFRUUEQgQUxSRUFEWSBQUkVTRU5UJwpmaQplY2hvICI8aHRtbD48aDE+SGVsbG8gZnJvbSBBbWF6b24gRUZTPC9oMT48L2h0bWw+IiA+IC92YXIvd3d3L2h0bWwvaGVsbG8uaHRtbCAgICAK",
            "volume_tags": {},
            "vpc_security_group_ids": [
              "sg-4dc2bb6e"
            ]
          },
          "private": "eyJlMmJmYjczMC1lY2FhLTExZTYtOGY4OC0zNDM2M2JjN2M0YzAiOnsiY3JlYXRlIjo2MDAwMDAwMDAwMDAsImRlbGV0ZSI6MTIwMDAwMDAwMDAwMCwidXBkYXRlIjo2MDAwMDAwMDAwMDB9LCJzY2hlbWFfdmVyc2lvbiI6IjEifQ=="
        }
      ]
    }
  ]
}
