{
  "version": 4,
  "terraform_version": "0.12.25",
  "serial": 102,
  "lineage": "c289c7ac-4771-18c9-f566-10521e870f2d",
  "outputs": {
    "URL_to_Hit": {
      "value": "http:///hello.html",
      "type": "string"
    },
    "prefix_out": {
      "value": "snehil",
      "type": "string"
    }
  },
  "resources": [
    {
      "module": "module.network_layer",
      "mode": "data",
      "type": "aws_availability_zones",
      "name": "available",
      "provider": "provider.aws",
      "instances": [
        {
          "schema_version": 0,
          "attributes": {
            "all_availability_zones": null,
            "blacklisted_names": null,
            "blacklisted_zone_ids": null,
            "filter": null,
            "group_names": [
              "us-east-1"
            ],
            "id": "2020-05-24 11:29:03.682061 +0000 UTC",
            "names": [
              "us-east-1a",
              "us-east-1b",
              "us-east-1c",
              "us-east-1d",
              "us-east-1e",
              "us-east-1f"
            ],
            "state": "available",
            "zone_ids": [
              "use1-az2",
              "use1-az4",
              "use1-az6",
              "use1-az1",
              "use1-az3",
              "use1-az5"
            ]
          }
        }
      ]
    },
    {
      "module": "module.aws_instnce_public",
      "mode": "managed",
      "type": "aws_instance",
      "name": "snehil-instance",
      "provider": "provider.aws",
      "instances": [
        {
          "schema_version": 1,
          "attributes": {
            "ami": "ami-0323c3dd2da7fb37d",
            "arn": "arn:aws:ec2:us-east-1:728693718523:instance/i-0b8ab6bec1d10b46c",
            "associate_public_ip_address": true,
            "availability_zone": "us-east-1a",
            "cpu_core_count": 1,
            "cpu_threads_per_core": 1,
            "credit_specification": [
              {
                "cpu_credits": "standard"
              }
            ],
            "disable_api_termination": false,
            "ebs_block_device": [],
            "ebs_optimized": false,
            "ephemeral_block_device": [],
            "get_password_data": false,
            "hibernation": false,
            "host_id": null,
            "iam_instance_profile": "",
            "id": "i-0b8ab6bec1d10b46c",
            "instance_initiated_shutdown_behavior": null,
            "instance_state": "running",
            "instance_type": "t2.micro",
            "ipv6_address_count": 0,
            "ipv6_addresses": [],
            "key_name": "snehil-instance-key",
            "metadata_options": [
              {
                "http_endpoint": "enabled",
                "http_put_response_hop_limit": 1,
                "http_tokens": "optional"
              }
            ],
            "monitoring": false,
            "network_interface": [],
            "network_interface_id": null,
            "outpost_arn": "",
            "password_data": "",
            "placement_group": "",
            "primary_network_interface_id": "eni-05e5ce5fb15ddadee",
            "private_dns": "ip-10-0-1-163.ec2.internal",
            "private_ip": "10.0.1.163",
            "public_dns": "",
            "public_ip": "3.82.219.139",
            "root_block_device": [
              {
                "delete_on_termination": true,
                "device_name": "/dev/xvda",
                "encrypted": false,
                "iops": 100,
                "kms_key_id": "",
                "volume_id": "vol-04e1320a54cafa772",
                "volume_size": 8,
                "volume_type": "gp2"
              }
            ],
            "security_groups": [
              "sg-0c0e6b414e70715e0"
            ],
            "source_dest_check": true,
            "subnet_id": "subnet-059022f92244a0abd",
            "tags": {
              "Name": "snehil-public-instance"
            },
            "tenancy": "default",
            "timeouts": null,
            "user_data": null,
            "user_data_base64": "IyEvYmluL2Jhc2gKZXhwb3J0IFBBVEg9JFBBVEg6L3Vzci9sb2NhbC9iaW4Kd2hpY2ggaHR0cGQgPi9kZXYvbnVsbAppZiBbICQ/IC1uZSAwIF07CnRoZW4KICBlY2hvICdIVFRQRCBOT1QgUFJFU0VOVCcKICBpZiBbIC1uICIkKHdoaWNoIHl1bSkiIF07IAogIHRoZW4KICAgIHl1bSBpbnN0YWxsIC15IGh0dHBkCiAgZWxzZSAKICAgIGFwdC1nZXQgLXkgdXBkYXRlICYmIGFwdC1nZXQgLXkgaW5zdGFsbCBodHRwZAogIGZpCmVsc2UgCiAgZWNobyAnSFRUUEQgQUxSRUFEWSBQUkVTRU5UJwpmaQplY2hvICI8aHRtbD48aDE+SGVsbG8gZnJvbSBTbmVoaWw8L2gxPjwvaHRtbD4iID4gL3Zhci93d3cvaHRtbC9oZWxsby5odG1sICAgIApzZXJ2aWNlIGh0dHBkIHN0YXJ0Cg==",
            "volume_tags": {},
            "vpc_security_group_ids": [
              "sg-0c0e6b414e70715e0"
            ]
          },
          "private": "eyJlMmJmYjczMC1lY2FhLTExZTYtOGY4OC0zNDM2M2JjN2M0YzAiOnsiY3JlYXRlIjo2MDAwMDAwMDAwMDAsImRlbGV0ZSI6MTIwMDAwMDAwMDAwMCwidXBkYXRlIjo2MDAwMDAwMDAwMDB9LCJzY2hlbWFfdmVyc2lvbiI6IjEifQ==",
          "dependencies": [
            "module.network_layer.aws_security_group.snehil-instance-security-group",
            "module.network_layer.aws_subnet.snehil-public-subnet"
          ]
        }
      ]
    },
    {
      "module": "module.network_layer",
      "mode": "managed",
      "type": "aws_internet_gateway",
      "name": "snehil-internet-gateway",
      "provider": "provider.aws",
      "instances": [
        {
          "schema_version": 0,
          "attributes": {
            "id": "igw-0b6168b26de37b0ef",
            "owner_id": "728693718523",
            "tags": {
              "Name": "snehil-internet-gateway"
            },
            "vpc_id": "vpc-050cce6341e7c7d46"
          },
          "private": "bnVsbA==",
          "dependencies": [
            "module.network_layer.aws_vpc.snehil-vpc"
          ]
        }
      ]
    },
    {
      "module": "module.network_layer",
      "mode": "managed",
      "type": "aws_route_table",
      "name": "snehil-public-route-table",
      "provider": "provider.aws",
      "instances": [
        {
          "schema_version": 0,
          "attributes": {
            "id": "rtb-0c1bbc80492d1ecc6",
            "owner_id": "728693718523",
            "propagating_vgws": [],
            "route": [
              {
                "cidr_block": "0.0.0.0/0",
                "egress_only_gateway_id": "",
                "gateway_id": "igw-0b6168b26de37b0ef",
                "instance_id": "",
                "ipv6_cidr_block": "",
                "nat_gateway_id": "",
                "network_interface_id": "",
                "transit_gateway_id": "",
                "vpc_peering_connection_id": ""
              }
            ],
            "tags": {
              "Name": "snehil-public-route-table"
            },
            "vpc_id": "vpc-050cce6341e7c7d46"
          },
          "private": "bnVsbA==",
          "dependencies": [
            "module.network_layer.aws_internet_gateway.snehil-internet-gateway",
            "module.network_layer.aws_vpc.snehil-vpc"
          ]
        }
      ]
    },
    {
      "module": "module.network_layer",
      "mode": "managed",
      "type": "aws_route_table_association",
      "name": "snehil-route-table-association",
      "provider": "provider.aws",
      "instances": [
        {
          "schema_version": 0,
          "attributes": {
            "gateway_id": null,
            "id": "rtbassoc-0daa7a5fd18474219",
            "route_table_id": "rtb-0c1bbc80492d1ecc6",
            "subnet_id": "subnet-059022f92244a0abd"
          },
          "private": "bnVsbA==",
          "dependencies": [
            "module.network_layer.aws_internet_gateway.snehil-internet-gateway",
            "module.network_layer.aws_route_table.snehil-public-route-table",
            "module.network_layer.aws_subnet.snehil-public-subnet",
            "module.network_layer.aws_vpc.snehil-vpc"
          ]
        }
      ]
    },
    {
      "module": "module.network_layer",
      "mode": "managed",
      "type": "aws_security_group",
      "name": "snehil-instance-security-group",
      "provider": "provider.aws",
      "instances": [
        {
          "schema_version": 1,
          "attributes": {
            "arn": "arn:aws:ec2:us-east-1:728693718523:security-group/sg-0c0e6b414e70715e0",
            "description": "Managed by Terraform",
            "egress": [],
            "id": "sg-0c0e6b414e70715e0",
            "ingress": [
              {
                "cidr_blocks": [
                  "0.0.0.0/0"
                ],
                "description": "Allow 22 port for ssh",
                "from_port": 22,
                "ipv6_cidr_blocks": [],
                "prefix_list_ids": [],
                "protocol": "tcp",
                "security_groups": [],
                "self": false,
                "to_port": 22
              },
              {
                "cidr_blocks": [
                  "0.0.0.0/0"
                ],
                "description": "Allow 80 port for http",
                "from_port": 80,
                "ipv6_cidr_blocks": [],
                "prefix_list_ids": [],
                "protocol": "tcp",
                "security_groups": [],
                "self": false,
                "to_port": 80
              },
              {
                "cidr_blocks": [
                  "0.0.0.0/0"
                ],
                "description": "Allow 80 port for https",
                "from_port": 443,
                "ipv6_cidr_blocks": [],
                "prefix_list_ids": [],
                "protocol": "tcp",
                "security_groups": [],
                "self": false,
                "to_port": 443
              },
              {
                "cidr_blocks": [
                  "192.168.43.139/32"
                ],
                "description": "Allow 22 port for ssh",
                "from_port": 22,
                "ipv6_cidr_blocks": [],
                "prefix_list_ids": [],
                "protocol": "tcp",
                "security_groups": [],
                "self": false,
                "to_port": 22
              },
              {
                "cidr_blocks": [
                  "192.168.43.139/32"
                ],
                "description": "Allow 80 port for http",
                "from_port": 80,
                "ipv6_cidr_blocks": [],
                "prefix_list_ids": [],
                "protocol": "tcp",
                "security_groups": [],
                "self": false,
                "to_port": 80
              },
              {
                "cidr_blocks": [
                  "192.168.43.139/32"
                ],
                "description": "Allow 80 port for https",
                "from_port": 443,
                "ipv6_cidr_blocks": [],
                "prefix_list_ids": [],
                "protocol": "tcp",
                "security_groups": [],
                "self": false,
                "to_port": 443
              }
            ],
            "name": "snehil-instance-security-sg",
            "name_prefix": null,
            "owner_id": "728693718523",
            "revoke_rules_on_delete": false,
            "tags": {},
            "timeouts": null,
            "vpc_id": "vpc-050cce6341e7c7d46"
          },
          "private": "eyJlMmJmYjczMC1lY2FhLTExZTYtOGY4OC0zNDM2M2JjN2M0YzAiOnsiY3JlYXRlIjo2MDAwMDAwMDAwMDAsImRlbGV0ZSI6NjAwMDAwMDAwMDAwfSwic2NoZW1hX3ZlcnNpb24iOiIxIn0=",
          "dependencies": [
            "module.network_layer.aws_vpc.snehil-vpc"
          ]
        }
      ]
    },
    {
      "module": "module.network_layer",
      "mode": "managed",
      "type": "aws_subnet",
      "name": "snehil-private-subnet",
      "each": "list",
      "provider": "provider.aws",
      "instances": [
        {
          "index_key": 0,
          "schema_version": 1,
          "attributes": {
            "arn": "arn:aws:ec2:us-east-1:728693718523:subnet/subnet-0b116d9a9bba50868",
            "assign_ipv6_address_on_creation": false,
            "availability_zone": "us-east-1a",
            "availability_zone_id": "use1-az2",
            "cidr_block": "10.0.2.0/24",
            "id": "subnet-0b116d9a9bba50868",
            "ipv6_cidr_block": "",
            "ipv6_cidr_block_association_id": "",
            "map_public_ip_on_launch": false,
            "outpost_arn": "",
            "owner_id": "728693718523",
            "tags": {
              "Name": "snehil-us-east-1a-10.0.2.0/24-private-subnet"
            },
            "timeouts": null,
            "vpc_id": "vpc-050cce6341e7c7d46"
          },
          "private": "eyJlMmJmYjczMC1lY2FhLTExZTYtOGY4OC0zNDM2M2JjN2M0YzAiOnsiY3JlYXRlIjo2MDAwMDAwMDAwMDAsImRlbGV0ZSI6MTIwMDAwMDAwMDAwMH0sInNjaGVtYV92ZXJzaW9uIjoiMSJ9",
          "dependencies": [
            "module.network_layer.aws_vpc.snehil-vpc"
          ]
        }
      ]
    },
    {
      "module": "module.network_layer",
      "mode": "managed",
      "type": "aws_subnet",
      "name": "snehil-public-subnet",
      "each": "list",
      "provider": "provider.aws",
      "instances": [
        {
          "index_key": 0,
          "schema_version": 1,
          "attributes": {
            "arn": "arn:aws:ec2:us-east-1:728693718523:subnet/subnet-059022f92244a0abd",
            "assign_ipv6_address_on_creation": false,
            "availability_zone": "us-east-1a",
            "availability_zone_id": "use1-az2",
            "cidr_block": "10.0.1.0/24",
            "id": "subnet-059022f92244a0abd",
            "ipv6_cidr_block": "",
            "ipv6_cidr_block_association_id": "",
            "map_public_ip_on_launch": true,
            "outpost_arn": "",
            "owner_id": "728693718523",
            "tags": {
              "Name": "snehil-us-east-1a-10.0.1.0/24-public-subnet"
            },
            "timeouts": null,
            "vpc_id": "vpc-050cce6341e7c7d46"
          },
          "private": "eyJlMmJmYjczMC1lY2FhLTExZTYtOGY4OC0zNDM2M2JjN2M0YzAiOnsiY3JlYXRlIjo2MDAwMDAwMDAwMDAsImRlbGV0ZSI6MTIwMDAwMDAwMDAwMH0sInNjaGVtYV92ZXJzaW9uIjoiMSJ9",
          "dependencies": [
            "module.network_layer.aws_vpc.snehil-vpc"
          ]
        }
      ]
    },
    {
      "module": "module.network_layer",
      "mode": "managed",
      "type": "aws_vpc",
      "name": "snehil-vpc",
      "each": "list",
      "provider": "provider.aws",
      "instances": [
        {
          "index_key": 0,
          "schema_version": 1,
          "attributes": {
            "arn": "arn:aws:ec2:us-east-1:728693718523:vpc/vpc-050cce6341e7c7d46",
            "assign_generated_ipv6_cidr_block": false,
            "cidr_block": "10.0.0.0/16",
            "default_network_acl_id": "acl-072305c42ffef28a7",
            "default_route_table_id": "rtb-0984a17bdd0afc3c1",
            "default_security_group_id": "sg-08b61a261a4e74066",
            "dhcp_options_id": "dopt-6f893515",
            "enable_classiclink": false,
            "enable_classiclink_dns_support": false,
            "enable_dns_hostnames": false,
            "enable_dns_support": true,
            "id": "vpc-050cce6341e7c7d46",
            "instance_tenancy": "default",
            "ipv6_association_id": "",
            "ipv6_cidr_block": "",
            "main_route_table_id": "rtb-0984a17bdd0afc3c1",
            "owner_id": "728693718523",
            "tags": {
              "Name": "snehil-vpc"
            }
          },
          "private": "eyJzY2hlbWFfdmVyc2lvbiI6IjEifQ=="
        }
      ]
    }
  ]
}
